// !$*UTF8*$!
{
	archiveVersion = 1;
	classes = {
	};
	objectVersion = 56;
	objects = {

/* Begin PBXBuildFile section */
		862C87742AC56D6400DC6831 /* AppDelegate.swift in Sources */ = {isa = PBXBuildFile; fileRef = 862C87732AC56D6400DC6831 /* AppDelegate.swift */; };
		862C87762AC56D6400DC6831 /* SceneDelegate.swift in Sources */ = {isa = PBXBuildFile; fileRef = 862C87752AC56D6400DC6831 /* SceneDelegate.swift */; };
		862C87782AC56D6400DC6831 /* ViewController.swift in Sources */ = {isa = PBXBuildFile; fileRef = 862C87772AC56D6400DC6831 /* ViewController.swift */; };
		862C877B2AC56D6400DC6831 /* Main.storyboard in Resources */ = {isa = PBXBuildFile; fileRef = 862C87792AC56D6400DC6831 /* Main.storyboard */; };
		862C877D2AC56D6500DC6831 /* Assets.xcassets in Resources */ = {isa = PBXBuildFile; fileRef = 862C877C2AC56D6500DC6831 /* Assets.xcassets */; };
		862C87802AC56D6500DC6831 /* LaunchScreen.storyboard in Resources */ = {isa = PBXBuildFile; fileRef = 862C877E2AC56D6500DC6831 /* LaunchScreen.storyboard */; };
		862C878A2AC570CC00DC6831 /* Pronunciation.swift in Sources */ = {isa = PBXBuildFile; fileRef = 862C87892AC570CC00DC6831 /* Pronunciation.swift */; };
		862C878D2AC571BC00DC6831 /* SnapKit in Frameworks */ = {isa = PBXBuildFile; productRef = 862C878C2AC571BC00DC6831 /* SnapKit */; };
		862C87902AC81BBC00DC6831 /* DetailViewController.swift in Sources */ = {isa = PBXBuildFile; fileRef = 862C878F2AC81BBC00DC6831 /* DetailViewController.swift */; };
		862C87922AC82EC500DC6831 /* DetailCell.swift in Sources */ = {isa = PBXBuildFile; fileRef = 862C87912AC82EC500DC6831 /* DetailCell.swift */; };
		8632A5BA2ACAB25B000E3030 /* SectionHeaderView.swift in Sources */ = {isa = PBXBuildFile; fileRef = 8632A5B92ACAB25B000E3030 /* SectionHeaderView.swift */; };
		8632A5BE2ACABCD7000E3030 /* Extension+UIColor.swift in Sources */ = {isa = PBXBuildFile; fileRef = 8632A5BD2ACABCD7000E3030 /* Extension+UIColor.swift */; };
		8632A5C02ACAC3EF000E3030 /* ResultHeaderView.swift in Sources */ = {isa = PBXBuildFile; fileRef = 8632A5BF2ACAC3EF000E3030 /* ResultHeaderView.swift */; };
		8632A5C22ACAC877000E3030 /* ViewConponents.swift in Sources */ = {isa = PBXBuildFile; fileRef = 8632A5C12ACAC877000E3030 /* ViewConponents.swift */; };
		8632A5C42ACADEF7000E3030 /* ViewControllerViewModel.swift in Sources */ = {isa = PBXBuildFile; fileRef = 8632A5C32ACADEF7000E3030 /* ViewControllerViewModel.swift */; };
		8632A5C62ACAE1A9000E3030 /* VCTableViewCell.swift in Sources */ = {isa = PBXBuildFile; fileRef = 8632A5C52ACAE1A9000E3030 /* VCTableViewCell.swift */; };
/* End PBXBuildFile section */

/* Begin PBXFileReference section */
		862C87702AC56D6400DC6831 /* UikitTest.app */ = {isa = PBXFileReference; explicitFileType = wrapper.application; includeInIndex = 0; path = UikitTest.app; sourceTree = BUILT_PRODUCTS_DIR; };
		862C87732AC56D6400DC6831 /* AppDelegate.swift */ = {isa = PBXFileReference; lastKnownFileType = sourcecode.swift; path = AppDelegate.swift; sourceTree = "<group>"; };
		862C87752AC56D6400DC6831 /* SceneDelegate.swift */ = {isa = PBXFileReference; lastKnownFileType = sourcecode.swift; path = SceneDelegate.swift; sourceTree = "<group>"; };
		862C87772AC56D6400DC6831 /* ViewController.swift */ = {isa = PBXFileReference; lastKnownFileType = sourcecode.swift; path = ViewController.swift; sourceTree = "<group>"; };
		862C877A2AC56D6400DC6831 /* Base */ = {isa = PBXFileReference; lastKnownFileType = file.storyboard; name = Base; path = Base.lproj/Main.storyboard; sourceTree = "<group>"; };
		862C877C2AC56D6500DC6831 /* Assets.xcassets */ = {isa = PBXFileReference; lastKnownFileType = folder.assetcatalog; path = Assets.xcassets; sourceTree = "<group>"; };
		862C877F2AC56D6500DC6831 /* Base */ = {isa = PBXFileReference; lastKnownFileType = file.storyboard; name = Base; path = Base.lproj/LaunchScreen.storyboard; sourceTree = "<group>"; };
		862C87812AC56D6500DC6831 /* Info.plist */ = {isa = PBXFileReference; lastKnownFileType = text.plist.xml; path = Info.plist; sourceTree = "<group>"; };
		862C87892AC570CC00DC6831 /* Pronunciation.swift */ = {isa = PBXFileReference; lastKnownFileType = sourcecode.swift; path = Pronunciation.swift; sourceTree = "<group>"; };
		862C878F2AC81BBC00DC6831 /* DetailViewController.swift */ = {isa = PBXFileReference; lastKnownFileType = sourcecode.swift; path = DetailViewController.swift; sourceTree = "<group>"; };
		862C87912AC82EC500DC6831 /* DetailCell.swift */ = {isa = PBXFileReference; lastKnownFileType = sourcecode.swift; path = DetailCell.swift; sourceTree = "<group>"; };
		8632A5B92ACAB25B000E3030 /* SectionHeaderView.swift */ = {isa = PBXFileReference; lastKnownFileType = sourcecode.swift; path = SectionHeaderView.swift; sourceTree = "<group>"; };
		8632A5BD2ACABCD7000E3030 /* Extension+UIColor.swift */ = {isa = PBXFileReference; lastKnownFileType = sourcecode.swift; path = "Extension+UIColor.swift"; sourceTree = "<group>"; };
		8632A5BF2ACAC3EF000E3030 /* ResultHeaderView.swift */ = {isa = PBXFileReference; lastKnownFileType = sourcecode.swift; path = ResultHeaderView.swift; sourceTree = "<group>"; };
		8632A5C12ACAC877000E3030 /* ViewConponents.swift */ = {isa = PBXFileReference; lastKnownFileType = sourcecode.swift; path = ViewConponents.swift; sourceTree = "<group>"; };
		8632A5C32ACADEF7000E3030 /* ViewControllerViewModel.swift */ = {isa = PBXFileReference; lastKnownFileType = sourcecode.swift; path = ViewControllerViewModel.swift; sourceTree = "<group>"; };
		8632A5C52ACAE1A9000E3030 /* VCTableViewCell.swift */ = {isa = PBXFileReference; lastKnownFileType = sourcecode.swift; path = VCTableViewCell.swift; sourceTree = "<group>"; };
/* End PBXFileReference section */

/* Begin PBXFrameworksBuildPhase section */
		862C876D2AC56D6400DC6831 /* Frameworks */ = {
			isa = PBXFrameworksBuildPhase;
			buildActionMask = 2147483647;
			files = (
				862C878D2AC571BC00DC6831 /* SnapKit in Frameworks */,
			);
			runOnlyForDeploymentPostprocessing = 0;
		};
/* End PBXFrameworksBuildPhase section */

/* Begin PBXGroup section */
		862C87672AC56D6400DC6831 = {
			isa = PBXGroup;
			children = (
				862C87722AC56D6400DC6831 /* UikitTest */,
				862C87712AC56D6400DC6831 /* Products */,
			);
			sourceTree = "<group>";
		};
		862C87712AC56D6400DC6831 /* Products */ = {
			isa = PBXGroup;
			children = (
				862C87702AC56D6400DC6831 /* UikitTest.app */,
			);
			name = Products;
			sourceTree = "<group>";
		};
		862C87722AC56D6400DC6831 /* UikitTest */ = {
			isa = PBXGroup;
			children = (
				862C87732AC56D6400DC6831 /* AppDelegate.swift */,
				862C87752AC56D6400DC6831 /* SceneDelegate.swift */,
				862C87882AC5703600DC6831 /* Model */,
				862C87872AC5702F00DC6831 /* View */,
				8632A5BC2ACABCC3000E3030 /* Extension */,
				8632A5C12ACAC877000E3030 /* ViewConponents.swift */,
				862C87792AC56D6400DC6831 /* Main.storyboard */,
				862C877C2AC56D6500DC6831 /* Assets.xcassets */,
				862C877E2AC56D6500DC6831 /* LaunchScreen.storyboard */,
				862C87812AC56D6500DC6831 /* Info.plist */,
				8632A5C32ACADEF7000E3030 /* ViewControllerViewModel.swift */,
			);
			path = UikitTest;
			sourceTree = "<group>";
		};
		862C87872AC5702F00DC6831 /* View */ = {
			isa = PBXGroup;
			children = (
				862C87772AC56D6400DC6831 /* ViewController.swift */,
				862C878F2AC81BBC00DC6831 /* DetailViewController.swift */,
				862C87912AC82EC500DC6831 /* DetailCell.swift */,
				8632A5B92ACAB25B000E3030 /* SectionHeaderView.swift */,
				8632A5BF2ACAC3EF000E3030 /* ResultHeaderView.swift */,
				8632A5C52ACAE1A9000E3030 /* VCTableViewCell.swift */,
			);
			path = View;
			sourceTree = "<group>";
		};
		862C87882AC5703600DC6831 /* Model */ = {
			isa = PBXGroup;
			children = (
				862C87892AC570CC00DC6831 /* Pronunciation.swift */,
			);
			path = Model;
			sourceTree = "<group>";
		};
		8632A5BC2ACABCC3000E3030 /* Extension */ = {
			isa = PBXGroup;
			children = (
				8632A5BD2ACABCD7000E3030 /* Extension+UIColor.swift */,
			);
			path = Extension;
			sourceTree = "<group>";
		};
/* End PBXGroup section */

/* Begin PBXNativeTarget section */
		862C876F2AC56D6400DC6831 /* UikitTest */ = {
			isa = PBXNativeTarget;
			buildConfigurationList = 862C87842AC56D6500DC6831 /* Build configuration list for PBXNativeTarget "UikitTest" */;
			buildPhases = (
				862C876C2AC56D6400DC6831 /* Sources */,
				862C876D2AC56D6400DC6831 /* Frameworks */,
				862C876E2AC56D6400DC6831 /* Resources */,
			);
			buildRules = (
			);
			dependencies = (
			);
			name = UikitTest;
			packageProductDependencies = (
				862C878C2AC571BC00DC6831 /* SnapKit */,
			);
			productName = UikitTest;
			productReference = 862C87702AC56D6400DC6831 /* UikitTest.app */;
			productType = "com.apple.product-type.application";
		};
/* End PBXNativeTarget section */

/* Begin PBXProject section */
		862C87682AC56D6400DC6831 /* Project object */ = {
			isa = PBXProject;
			attributes = {
				BuildIndependentTargetsInParallel = 1;
				LastSwiftUpdateCheck = 1430;
				LastUpgradeCheck = 1430;
				TargetAttributes = {
					862C876F2AC56D6400DC6831 = {
						CreatedOnToolsVersion = 14.3.1;
					};
				};
			};
			buildConfigurationList = 862C876B2AC56D6400DC6831 /* Build configuration list for PBXProject "UikitTest" */;
			compatibilityVersion = "Xcode 14.0";
			developmentRegion = en;
			hasScannedForEncodings = 0;
			knownRegions = (
				en,
				Base,
			);
			mainGroup = 862C87672AC56D6400DC6831;
			packageReferences = (
				862C878B2AC571BC00DC6831 /* XCRemoteSwiftPackageReference "SnapKit" */,
			);
			productRefGroup = 862C87712AC56D6400DC6831 /* Products */;
			projectDirPath = "";
			projectRoot = "";
			targets = (
				862C876F2AC56D6400DC6831 /* UikitTest */,
			);
		};
/* End PBXProject section */

/* Begin PBXResourcesBuildPhase section */
		862C876E2AC56D6400DC6831 /* Resources */ = {
			isa = PBXResourcesBuildPhase;
			buildActionMask = 2147483647;
			files = (
				862C87802AC56D6500DC6831 /* LaunchScreen.storyboard in Resources */,
				862C877D2AC56D6500DC6831 /* Assets.xcassets in Resources */,
				862C877B2AC56D6400DC6831 /* Main.storyboard in Resources */,
			);
			runOnlyForDeploymentPostprocessing = 0;
		};
/* End PBXResourcesBuildPhase section */

/* Begin PBXSourcesBuildPhase section */
		862C876C2AC56D6400DC6831 /* Sources */ = {
			isa = PBXSourcesBuildPhase;
			buildActionMask = 2147483647;
			files = (
				8632A5C62ACAE1A9000E3030 /* VCTableViewCell.swift in Sources */,
				862C87782AC56D6400DC6831 /* ViewController.swift in Sources */,
				862C87742AC56D6400DC6831 /* AppDelegate.swift in Sources */,
				8632A5C42ACADEF7000E3030 /* ViewControllerViewModel.swift in Sources */,
				8632A5C22ACAC877000E3030 /* ViewConponents.swift in Sources */,
				862C87922AC82EC500DC6831 /* DetailCell.swift in Sources */,
				8632A5C02ACAC3EF000E3030 /* ResultHeaderView.swift in Sources */,
				862C87902AC81BBC00DC6831 /* DetailViewController.swift in Sources */,
				8632A5BA2ACAB25B000E3030 /* SectionHeaderView.swift in Sources */,
				862C87762AC56D6400DC6831 /* SceneDelegate.swift in Sources */,
				862C878A2AC570CC00DC6831 /* Pronunciation.swift in Sources */,
				8632A5BE2ACABCD7000E3030 /* Extension+UIColor.swift in Sources */,
			);
			runOnlyForDeploymentPostprocessing = 0;
		};
/* End PBXSourcesBuildPhase section */

/* Begin PBXVariantGroup section */
		862C87792AC56D6400DC6831 /* Main.storyboard */ = {
			isa = PBXVariantGroup;
			children = (
				862C877A2AC56D6400DC6831 /* Base */,
			);
			name = Main.storyboard;
			sourceTree = "<group>";
		};
		862C877E2AC56D6500DC6831 /* LaunchScreen.storyboard */ = {
			isa = PBXVariantGroup;
			children = (
				862C877F2AC56D6500DC6831 /* Base */,
			);
			name = LaunchScreen.storyboard;
			sourceTree = "<group>";
		};
/* End PBXVariantGroup section */

/* Begin XCBuildConfiguration section */
		862C87822AC56D6500DC6831 /* Debug */ = {
			isa = XCBuildConfiguration;
			buildSettings = {
				ALWAYS_SEARCH_USER_PATHS = NO;
				CLANG_ANALYZER_NONNULL = YES;
				CLANG_ANALYZER_NUMBER_OBJECT_CONVERSION = YES_AGGRESSIVE;
				CLANG_CXX_LANGUAGE_STANDARD = "gnu++20";
				CLANG_ENABLE_MODULES = YES;
				CLANG_ENABLE_OBJC_ARC = YES;
				CLANG_ENABLE_OBJC_WEAK = YES;
				CLANG_WARN_BLOCK_CAPTURE_AUTORELEASING = YES;
				CLANG_WARN_BOOL_CONVERSION = YES;
				CLANG_WARN_COMMA = YES;
				CLANG_WARN_CONSTANT_CONVERSION = YES;
				CLANG_WARN_DEPRECATED_OBJC_IMPLEMENTATIONS = YES;
				CLANG_WARN_DIRECT_OBJC_ISA_USAGE = YES_ERROR;
				CLANG_WARN_DOCUMENTATION_COMMENTS = YES;
				CLANG_WARN_EMPTY_BODY = YES;
				CLANG_WARN_ENUM_CONVERSION = YES;
				CLANG_WARN_INFINITE_RECURSION = YES;
				CLANG_WARN_INT_CONVERSION = YES;
				CLANG_WARN_NON_LITERAL_NULL_CONVERSION = YES;
				CLANG_WARN_OBJC_IMPLICIT_RETAIN_SELF = YES;
				CLANG_WARN_OBJC_LITERAL_CONVERSION = YES;
				CLANG_WARN_OBJC_ROOT_CLASS = YES_ERROR;
				CLANG_WARN_QUOTED_INCLUDE_IN_FRAMEWORK_HEADER = YES;
				CLANG_WARN_RANGE_LOOP_ANALYSIS = YES;
				CLANG_WARN_STRICT_PROTOTYPES = YES;
				CLANG_WARN_SUSPICIOUS_MOVE = YES;
				CLANG_WARN_UNGUARDED_AVAILABILITY = YES_AGGRESSIVE;
				CLANG_WARN_UNREACHABLE_CODE = YES;
				CLANG_WARN__DUPLICATE_METHOD_MATCH = YES;
				COPY_PHASE_STRIP = NO;
				DEBUG_INFORMATION_FORMAT = dwarf;
				ENABLE_STRICT_OBJC_MSGSEND = YES;
				ENABLE_TESTABILITY = YES;
				GCC_C_LANGUAGE_STANDARD = gnu11;
				GCC_DYNAMIC_NO_PIC = NO;
				GCC_NO_COMMON_BLOCKS = YES;
				GCC_OPTIMIZATION_LEVEL = 0;
				GCC_PREPROCESSOR_DEFINITIONS = (
					"DEBUG=1",
					"$(inherited)",
				);
				GCC_WARN_64_TO_32_BIT_CONVERSION = YES;
				GCC_WARN_ABOUT_RETURN_TYPE = YES_ERROR;
				GCC_WARN_UNDECLARED_SELECTOR = YES;
				GCC_WARN_UNINITIALIZED_AUTOS = YES_AGGRESSIVE;
				GCC_WARN_UNUSED_FUNCTION = YES;
				GCC_WARN_UNUSED_VARIABLE = YES;
				IPHONEOS_DEPLOYMENT_TARGET = 16.4;
				MTL_ENABLE_DEBUG_INFO = INCLUDE_SOURCE;
				MTL_FAST_MATH = YES;
				ONLY_ACTIVE_ARCH = YES;
				SDKROOT = iphoneos;
				SWIFT_ACTIVE_COMPILATION_CONDITIONS = DEBUG;
				SWIFT_OPTIMIZATION_LEVEL = "-Onone";
			};
			name = Debug;
		};
		862C87832AC56D6500DC6831 /* Release */ = {
			isa = XCBuildConfiguration;
			buildSettings = {
				ALWAYS_SEARCH_USER_PATHS = NO;
				CLANG_ANALYZER_NONNULL = YES;
				CLANG_ANALYZER_NUMBER_OBJECT_CONVERSION = YES_AGGRESSIVE;
				CLANG_CXX_LANGUAGE_STANDARD = "gnu++20";
				CLANG_ENABLE_MODULES = YES;
				CLANG_ENABLE_OBJC_ARC = YES;
				CLANG_ENABLE_OBJC_WEAK = YES;
				CLANG_WARN_BLOCK_CAPTURE_AUTORELEASING = YES;
				CLANG_WARN_BOOL_CONVERSION = YES;
				CLANG_WARN_COMMA = YES;
				CLANG_WARN_CONSTANT_CONVERSION = YES;
				CLANG_WARN_DEPRECATED_OBJC_IMPLEMENTATIONS = YES;
				CLANG_WARN_DIRECT_OBJC_ISA_USAGE = YES_ERROR;
				CLANG_WARN_DOCUMENTATION_COMMENTS = YES;
				CLANG_WARN_EMPTY_BODY = YES;
				CLANG_WARN_ENUM_CONVERSION = YES;
				CLANG_WARN_INFINITE_RECURSION = YES;
				CLANG_WARN_INT_CONVERSION = YES;
				CLANG_WARN_NON_LITERAL_NULL_CONVERSION = YES;
				CLANG_WARN_OBJC_IMPLICIT_RETAIN_SELF = YES;
				CLANG_WARN_OBJC_LITERAL_CONVERSION = YES;
				CLANG_WARN_OBJC_ROOT_CLASS = YES_ERROR;
				CLANG_WARN_QUOTED_INCLUDE_IN_FRAMEWORK_HEADER = YES;
				CLANG_WARN_RANGE_LOOP_ANALYSIS = YES;
				CLANG_WARN_STRICT_PROTOTYPES = YES;
				CLANG_WARN_SUSPICIOUS_MOVE = YES;
				CLANG_WARN_UNGUARDED_AVAILABILITY = YES_AGGRESSIVE;
				CLANG_WARN_UNREACHABLE_CODE = YES;
				CLANG_WARN__DUPLICATE_METHOD_MATCH = YES;
				COPY_PHASE_STRIP = NO;
				DEBUG_INFORMATION_FORMAT = "dwarf-with-dsym";
				ENABLE_NS_ASSERTIONS = NO;
				ENABLE_STRICT_OBJC_MSGSEND = YES;
				GCC_C_LANGUAGE_STANDARD = gnu11;
				GCC_NO_COMMON_BLOCKS = YES;
				GCC_WARN_64_TO_32_BIT_CONVERSION = YES;
				GCC_WARN_ABOUT_RETURN_TYPE = YES_ERROR;
				GCC_WARN_UNDECLARED_SELECTOR = YES;
				GCC_WARN_UNINITIALIZED_AUTOS = YES_AGGRESSIVE;
				GCC_WARN_UNUSED_FUNCTION = YES;
				GCC_WARN_UNUSED_VARIABLE = YES;
				IPHONEOS_DEPLOYMENT_TARGET = 16.4;
				MTL_ENABLE_DEBUG_INFO = NO;
				MTL_FAST_MATH = YES;
				SDKROOT = iphoneos;
				SWIFT_COMPILATION_MODE = wholemodule;
				SWIFT_OPTIMIZATION_LEVEL = "-O";
				VALIDATE_PRODUCT = YES;
			};
			name = Release;
		};
		862C87852AC56D6500DC6831 /* Debug */ = {
			isa = XCBuildConfiguration;
			buildSettings = {
				ASSETCATALOG_COMPILER_APPICON_NAME = AppIcon;
				ASSETCATALOG_COMPILER_GLOBAL_ACCENT_COLOR_NAME = AccentColor;
				CODE_SIGN_STYLE = Automatic;
				CURRENT_PROJECT_VERSION = 1;
				DEVELOPMENT_TEAM = M75X2R2UVV;
				GENERATE_INFOPLIST_FILE = YES;
				INFOPLIST_FILE = UikitTest/Info.plist;
				INFOPLIST_KEY_UIApplicationSupportsIndirectInputEvents = YES;
				INFOPLIST_KEY_UILaunchStoryboardName = LaunchScreen;
				INFOPLIST_KEY_UIMainStoryboardFile = Main;
				INFOPLIST_KEY_UISupportedInterfaceOrientations_iPad = "UIInterfaceOrientationPortrait UIInterfaceOrientationPortraitUpsideDown UIInterfaceOrientationLandscapeLeft UIInterfaceOrientationLandscapeRight";
				INFOPLIST_KEY_UISupportedInterfaceOrientations_iPhone = "UIInterfaceOrientationPortrait UIInterfaceOrientationLandscapeLeft UIInterfaceOrientationLandscapeRight";
				LD_RUNPATH_SEARCH_PATHS = (
					"$(inherited)",
					"@executable_path/Frameworks",
				);
				MARKETING_VERSION = 1.0;
				PRODUCT_BUNDLE_IDENTIFIER = abctest.UikitTest;
				PRODUCT_NAME = "$(TARGET_NAME)";
				SWIFT_EMIT_LOC_STRINGS = YES;
				SWIFT_VERSION = 5.0;
				TARGETED_DEVICE_FAMILY = "1,2";
			};
			name = Debug;
		};
		862C87862AC56D6500DC6831 /* Release */ = {
			isa = XCBuildConfiguration;
			buildSettings = {
				ASSETCATALOG_COMPILER_APPICON_NAME = AppIcon;
				ASSETCATALOG_COMPILER_GLOBAL_ACCENT_COLOR_NAME = AccentColor;
				CODE_SIGN_STYLE = Automatic;
				CURRENT_PROJECT_VERSION = 1;
				DEVELOPMENT_TEAM = M75X2R2UVV;
				GENERATE_INFOPLIST_FILE = YES;
				INFOPLIST_FILE = UikitTest/Info.plist;
				INFOPLIST_KEY_UIApplicationSupportsIndirectInputEvents = YES;
				INFOPLIST_KEY_UILaunchStoryboardName = LaunchScreen;
				INFOPLIST_KEY_UIMainStoryboardFile = Main;
				INFOPLIST_KEY_UISupportedInterfaceOrientations_iPad = "UIInterfaceOrientationPortrait UIInterfaceOrientationPortraitUpsideDown UIInterfaceOrientationLandscapeLeft UIInterfaceOrientationLandscapeRight";
				INFOPLIST_KEY_UISupportedInterfaceOrientations_iPhone = "UIInterfaceOrientationPortrait UIInterfaceOrientationLandscapeLeft UIInterfaceOrientationLandscapeRight";
				LD_RUNPATH_SEARCH_PATHS = (
					"$(inherited)",
					"@executable_path/Frameworks",
				);
				MARKETING_VERSION = 1.0;
				PRODUCT_BUNDLE_IDENTIFIER = abctest.UikitTest;
				PRODUCT_NAME = "$(TARGET_NAME)";
				SWIFT_EMIT_LOC_STRINGS = YES;
				SWIFT_VERSION = 5.0;
				TARGETED_DEVICE_FAMILY = "1,2";
			};
			name = Release;
		};
/* End XCBuildConfiguration section */

/* Begin XCConfigurationList section */
		862C876B2AC56D6400DC6831 /* Build configuration list for PBXProject "UikitTest" */ = {
			isa = XCConfigurationList;
			buildConfigurations = (
				862C87822AC56D6500DC6831 /* Debug */,
				862C87832AC56D6500DC6831 /* Release */,
			);
			defaultConfigurationIsVisible = 0;
			defaultConfigurationName = Release;
		};
		862C87842AC56D6500DC6831 /* Build configuration list for PBXNativeTarget "UikitTest" */ = {
			isa = XCConfigurationList;
			buildConfigurations = (
				862C87852AC56D6500DC6831 /* Debug */,
				862C87862AC56D6500DC6831 /* Release */,
			);
			defaultConfigurationIsVisible = 0;
			defaultConfigurationName = Release;
		};
/* End XCConfigurationList section */

/* Begin XCRemoteSwiftPackageReference section */
		862C878B2AC571BC00DC6831 /* XCRemoteSwiftPackageReference "SnapKit" */ = {
			isa = XCRemoteSwiftPackageReference;
			repositoryURL = "https://github.com/SnapKit/SnapKit.git";
			requirement = {
				kind = upToNextMajorVersion;
				minimumVersion = 5.0.0;
			};
		};
/* End XCRemoteSwiftPackageReference section */

/* Begin XCSwiftPackageProductDependency section */
		862C878C2AC571BC00DC6831 /* SnapKit */ = {
			isa = XCSwiftPackageProductDependency;
			package = 862C878B2AC571BC00DC6831 /* XCRemoteSwiftPackageReference "SnapKit" */;
			productName = SnapKit;
		};
/* End XCSwiftPackageProductDependency section */
	};
	rootObject = 862C87682AC56D6400DC6831 /* Project object */;
}
