// !$*UTF8*$!
{
	archiveVersion = 1;
	classes = {
	};
	objectVersion = 52;
	objects = {

/* Begin PBXBuildFile section */
		862C87662ABED87A00DC6831 /* RxController in Frameworks */ = {isa = PBXBuildFile; productRef = 862C87652ABED87A00DC6831 /* RxController */; };
		869A733F2AB8750A002CA6D4 /* RxDataSources in Frameworks */ = {isa = PBXBuildFile; productRef = 869A733E2AB8750A002CA6D4 /* RxDataSources */; };
		869A73472ABEAF00002CA6D4 /* ViewMenu.swift in Sources */ = {isa = PBXBuildFile; fileRef = 869A73462ABEAF00002CA6D4 /* ViewMenu.swift */; };
		869A734F2ABEB812002CA6D4 /* MenuStore.swift in Sources */ = {isa = PBXBuildFile; fileRef = 869A734E2ABEB812002CA6D4 /* MenuStore.swift */; };
		86E39E202AB6DC82002FD6F5 /* RxCocoa in Frameworks */ = {isa = PBXBuildFile; productRef = 86E39E1F2AB6DC82002FD6F5 /* RxCocoa */; };
		86E39E222AB6DC82002FD6F5 /* RxSwift in Frameworks */ = {isa = PBXBuildFile; productRef = 86E39E212AB6DC82002FD6F5 /* RxSwift */; };
		86E39E242AB71131002FD6F5 /* MenuViewModel.swift in Sources */ = {isa = PBXBuildFile; fileRef = 86E39E232AB71131002FD6F5 /* MenuViewModel.swift */; };
		A168F0A022F7FB2C00A9E178 /* AppDelegate.swift in Sources */ = {isa = PBXBuildFile; fileRef = A168F09F22F7FB2C00A9E178 /* AppDelegate.swift */; };
		A168F0A222F7FB2C00A9E178 /* MenuViewController.swift in Sources */ = {isa = PBXBuildFile; fileRef = A168F0A122F7FB2C00A9E178 /* MenuViewController.swift */; };
		A168F0A522F7FB2C00A9E178 /* Main.storyboard in Resources */ = {isa = PBXBuildFile; fileRef = A168F0A322F7FB2C00A9E178 /* Main.storyboard */; };
		A168F0A722F7FB2E00A9E178 /* Assets.xcassets in Resources */ = {isa = PBXBuildFile; fileRef = A168F0A622F7FB2E00A9E178 /* Assets.xcassets */; };
		A168F0AA22F7FB2E00A9E178 /* LaunchScreen.storyboard in Resources */ = {isa = PBXBuildFile; fileRef = A168F0A822F7FB2E00A9E178 /* LaunchScreen.storyboard */; };
		A168F0B622FADE5B00A9E178 /* APIService.swift in Sources */ = {isa = PBXBuildFile; fileRef = A168F0B522FADE5B00A9E178 /* APIService.swift */; };
		A168F0B822FADE7000A9E178 /* MenuItem.swift in Sources */ = {isa = PBXBuildFile; fileRef = A168F0B722FADE7000A9E178 /* MenuItem.swift */; };
		A168F0BC22FAF9B800A9E178 /* MenuItemTableViewCell.swift in Sources */ = {isa = PBXBuildFile; fileRef = A168F0BB22FAF9B800A9E178 /* MenuItemTableViewCell.swift */; };
		A168F0BE22FAFAC300A9E178 /* OrderViewController.swift in Sources */ = {isa = PBXBuildFile; fileRef = A168F0BD22FAFAC300A9E178 /* OrderViewController.swift */; };
		A1869B8D2360A8000088AA9A /* Extensions.swift in Sources */ = {isa = PBXBuildFile; fileRef = A1869B8C2360A8000088AA9A /* Extensions.swift */; };
/* End PBXBuildFile section */

/* Begin PBXFileReference section */
		869A73462ABEAF00002CA6D4 /* ViewMenu.swift */ = {isa = PBXFileReference; lastKnownFileType = sourcecode.swift; path = ViewMenu.swift; sourceTree = "<group>"; };
		869A734E2ABEB812002CA6D4 /* MenuStore.swift */ = {isa = PBXFileReference; lastKnownFileType = sourcecode.swift; path = MenuStore.swift; sourceTree = "<group>"; };
		86E39E232AB71131002FD6F5 /* MenuViewModel.swift */ = {isa = PBXFileReference; lastKnownFileType = sourcecode.swift; path = MenuViewModel.swift; sourceTree = "<group>"; };
		A168F09C22F7FB2C00A9E178 /* RxSwift+MVVM.app */ = {isa = PBXFileReference; explicitFileType = wrapper.application; includeInIndex = 0; path = "RxSwift+MVVM.app"; sourceTree = BUILT_PRODUCTS_DIR; };
		A168F09F22F7FB2C00A9E178 /* AppDelegate.swift */ = {isa = PBXFileReference; lastKnownFileType = sourcecode.swift; path = AppDelegate.swift; sourceTree = "<group>"; };
		A168F0A122F7FB2C00A9E178 /* MenuViewController.swift */ = {isa = PBXFileReference; lastKnownFileType = sourcecode.swift; path = MenuViewController.swift; sourceTree = "<group>"; };
		A168F0A422F7FB2C00A9E178 /* Base */ = {isa = PBXFileReference; lastKnownFileType = file.storyboard; name = Base; path = Base.lproj/Main.storyboard; sourceTree = "<group>"; };
		A168F0A622F7FB2E00A9E178 /* Assets.xcassets */ = {isa = PBXFileReference; lastKnownFileType = folder.assetcatalog; path = Assets.xcassets; sourceTree = "<group>"; };
		A168F0A922F7FB2E00A9E178 /* Base */ = {isa = PBXFileReference; lastKnownFileType = file.storyboard; name = Base; path = Base.lproj/LaunchScreen.storyboard; sourceTree = "<group>"; };
		A168F0AB22F7FB2E00A9E178 /* Info.plist */ = {isa = PBXFileReference; lastKnownFileType = text.plist.xml; path = Info.plist; sourceTree = "<group>"; };
		A168F0B522FADE5B00A9E178 /* APIService.swift */ = {isa = PBXFileReference; lastKnownFileType = sourcecode.swift; path = APIService.swift; sourceTree = "<group>"; };
		A168F0B722FADE7000A9E178 /* MenuItem.swift */ = {isa = PBXFileReference; lastKnownFileType = sourcecode.swift; name = MenuItem.swift; path = "RxSwift+MVVM/Domain/MenuItem.swift"; sourceTree = SOURCE_ROOT; };
		A168F0BB22FAF9B800A9E178 /* MenuItemTableViewCell.swift */ = {isa = PBXFileReference; lastKnownFileType = sourcecode.swift; path = MenuItemTableViewCell.swift; sourceTree = "<group>"; };
		A168F0BD22FAFAC300A9E178 /* OrderViewController.swift */ = {isa = PBXFileReference; lastKnownFileType = sourcecode.swift; path = OrderViewController.swift; sourceTree = "<group>"; };
		A1869B8C2360A8000088AA9A /* Extensions.swift */ = {isa = PBXFileReference; fileEncoding = 4; lastKnownFileType = sourcecode.swift; path = Extensions.swift; sourceTree = "<group>"; };
		D3442FB936BB096840300742 /* Pods_RxSwift_MVVM.framework */ = {isa = PBXFileReference; explicitFileType = wrapper.framework; includeInIndex = 0; path = Pods_RxSwift_MVVM.framework; sourceTree = BUILT_PRODUCTS_DIR; };
/* End PBXFileReference section */

/* Begin PBXFrameworksBuildPhase section */
		A168F09922F7FB2C00A9E178 /* Frameworks */ = {
			isa = PBXFrameworksBuildPhase;
			buildActionMask = 2147483647;
			files = (
				869A733F2AB8750A002CA6D4 /* RxDataSources in Frameworks */,
				86E39E222AB6DC82002FD6F5 /* RxSwift in Frameworks */,
				862C87662ABED87A00DC6831 /* RxController in Frameworks */,
				86E39E202AB6DC82002FD6F5 /* RxCocoa in Frameworks */,
			);
			runOnlyForDeploymentPostprocessing = 0;
		};
/* End PBXFrameworksBuildPhase section */

/* Begin PBXGroup section */
		47D01A57F367BD6B4E98123A /* Frameworks */ = {
			isa = PBXGroup;
			children = (
				D3442FB936BB096840300742 /* Pods_RxSwift_MVVM.framework */,
			);
			name = Frameworks;
			sourceTree = "<group>";
		};
		869A73482ABEB03D002CA6D4 /* ViewModel */ = {
			isa = PBXGroup;
			children = (
				869A73462ABEAF00002CA6D4 /* ViewMenu.swift */,
				86E39E232AB71131002FD6F5 /* MenuViewModel.swift */,
			);
			path = ViewModel;
			sourceTree = "<group>";
		};
		A168F09322F7FB2C00A9E178 = {
			isa = PBXGroup;
			children = (
				A168F09E22F7FB2C00A9E178 /* RxSwift+MVVM */,
				A168F09D22F7FB2C00A9E178 /* Products */,
				47D01A57F367BD6B4E98123A /* Frameworks */,
			);
			sourceTree = "<group>";
		};
		A168F09D22F7FB2C00A9E178 /* Products */ = {
			isa = PBXGroup;
			children = (
				A168F09C22F7FB2C00A9E178 /* RxSwift+MVVM.app */,
			);
			name = Products;
			sourceTree = "<group>";
		};
		A168F09E22F7FB2C00A9E178 /* RxSwift+MVVM */ = {
			isa = PBXGroup;
			children = (
				A1869B832360A6580088AA9A /* App */,
				A1869B842360A6B40088AA9A /* Assets */,
				A1869B872360A7580088AA9A /* Service */,
				A1869B852360A7420088AA9A /* Domain */,
				869A73482ABEB03D002CA6D4 /* ViewModel */,
				A1869B892360A78C0088AA9A /* View */,
				A1869B8B2360A7C00088AA9A /* Utils */,
			);
			path = "RxSwift+MVVM";
			sourceTree = "<group>";
		};
		A1869B832360A6580088AA9A /* App */ = {
			isa = PBXGroup;
			children = (
				A168F09F22F7FB2C00A9E178 /* AppDelegate.swift */,
				A168F0AB22F7FB2E00A9E178 /* Info.plist */,
			);
			path = App;
			sourceTree = "<group>";
		};
		A1869B842360A6B40088AA9A /* Assets */ = {
			isa = PBXGroup;
			children = (
				A168F0A822F7FB2E00A9E178 /* LaunchScreen.storyboard */,
				A168F0A322F7FB2C00A9E178 /* Main.storyboard */,
				A168F0A622F7FB2E00A9E178 /* Assets.xcassets */,
			);
			path = Assets;
			sourceTree = "<group>";
		};
		A1869B852360A7420088AA9A /* Domain */ = {
			isa = PBXGroup;
			children = (
				A168F0B722FADE7000A9E178 /* MenuItem.swift */,
				869A734E2ABEB812002CA6D4 /* MenuStore.swift */,
			);
			path = Domain;
			sourceTree = "<group>";
		};
		A1869B872360A7580088AA9A /* Service */ = {
			isa = PBXGroup;
			children = (
				A168F0B522FADE5B00A9E178 /* APIService.swift */,
			);
			path = Service;
			sourceTree = "<group>";
		};
		A1869B892360A78C0088AA9A /* View */ = {
			isa = PBXGroup;
			children = (
				A1869B8A2360A79F0088AA9A /* Order */,
				A168F0A122F7FB2C00A9E178 /* MenuViewController.swift */,
				A168F0BB22FAF9B800A9E178 /* MenuItemTableViewCell.swift */,
			);
			path = View;
			sourceTree = "<group>";
		};
		A1869B8A2360A79F0088AA9A /* Order */ = {
			isa = PBXGroup;
			children = (
				A168F0BD22FAFAC300A9E178 /* OrderViewController.swift */,
			);
			path = Order;
			sourceTree = "<group>";
		};
		A1869B8B2360A7C00088AA9A /* Utils */ = {
			isa = PBXGroup;
			children = (
				A1869B8C2360A8000088AA9A /* Extensions.swift */,
			);
			path = Utils;
			sourceTree = "<group>";
		};
/* End PBXGroup section */

/* Begin PBXNativeTarget section */
		A168F09B22F7FB2C00A9E178 /* RxSwift+MVVM */ = {
			isa = PBXNativeTarget;
			buildConfigurationList = A168F0AE22F7FB2E00A9E178 /* Build configuration list for PBXNativeTarget "RxSwift+MVVM" */;
			buildPhases = (
				A168F09822F7FB2C00A9E178 /* Sources */,
				A168F09922F7FB2C00A9E178 /* Frameworks */,
				A168F09A22F7FB2C00A9E178 /* Resources */,
			);
			buildRules = (
			);
			dependencies = (
			);
			name = "RxSwift+MVVM";
			packageProductDependencies = (
				86E39E1F2AB6DC82002FD6F5 /* RxCocoa */,
				86E39E212AB6DC82002FD6F5 /* RxSwift */,
				869A733E2AB8750A002CA6D4 /* RxDataSources */,
				862C87652ABED87A00DC6831 /* RxController */,
			);
			productName = "RxSwift+MVVM";
			productReference = A168F09C22F7FB2C00A9E178 /* RxSwift+MVVM.app */;
			productType = "com.apple.product-type.application";
		};
/* End PBXNativeTarget section */

/* Begin PBXProject section */
		A168F09422F7FB2C00A9E178 /* Project object */ = {
			isa = PBXProject;
			attributes = {
				LastSwiftUpdateCheck = 1030;
				LastUpgradeCheck = 1030;
				ORGANIZATIONNAME = iamchiwon;
				TargetAttributes = {
					A168F09B22F7FB2C00A9E178 = {
						CreatedOnToolsVersion = 10.3;
					};
				};
			};
			buildConfigurationList = A168F09722F7FB2C00A9E178 /* Build configuration list for PBXProject "RxSwift+MVVM" */;
			compatibilityVersion = "Xcode 9.3";
			developmentRegion = en;
			hasScannedForEncodings = 0;
			knownRegions = (
				en,
				Base,
			);
			mainGroup = A168F09322F7FB2C00A9E178;
			packageReferences = (
				86E39E1E2AB6DC82002FD6F5 /* XCRemoteSwiftPackageReference "RxSwift" */,
				869A733D2AB8750A002CA6D4 /* XCRemoteSwiftPackageReference "RxDataSources" */,
				862C87642ABED87A00DC6831 /* XCRemoteSwiftPackageReference "RxController" */,
			);
			productRefGroup = A168F09D22F7FB2C00A9E178 /* Products */;
			projectDirPath = "";
			projectRoot = "";
			targets = (
				A168F09B22F7FB2C00A9E178 /* RxSwift+MVVM */,
			);
		};
/* End PBXProject section */

/* Begin PBXResourcesBuildPhase section */
		A168F09A22F7FB2C00A9E178 /* Resources */ = {
			isa = PBXResourcesBuildPhase;
			buildActionMask = 2147483647;
			files = (
				A168F0AA22F7FB2E00A9E178 /* LaunchScreen.storyboard in Resources */,
				A168F0A722F7FB2E00A9E178 /* Assets.xcassets in Resources */,
				A168F0A522F7FB2C00A9E178 /* Main.storyboard in Resources */,
			);
			runOnlyForDeploymentPostprocessing = 0;
		};
/* End PBXResourcesBuildPhase section */

/* Begin PBXSourcesBuildPhase section */
		A168F09822F7FB2C00A9E178 /* Sources */ = {
			isa = PBXSourcesBuildPhase;
			buildActionMask = 2147483647;
			files = (
				869A734F2ABEB812002CA6D4 /* MenuStore.swift in Sources */,
				A168F0A222F7FB2C00A9E178 /* MenuViewController.swift in Sources */,
				869A73472ABEAF00002CA6D4 /* ViewMenu.swift in Sources */,
				A168F0B622FADE5B00A9E178 /* APIService.swift in Sources */,
				A1869B8D2360A8000088AA9A /* Extensions.swift in Sources */,
				A168F0BE22FAFAC300A9E178 /* OrderViewController.swift in Sources */,
				A168F0BC22FAF9B800A9E178 /* MenuItemTableViewCell.swift in Sources */,
				A168F0A022F7FB2C00A9E178 /* AppDelegate.swift in Sources */,
				A168F0B822FADE7000A9E178 /* MenuItem.swift in Sources */,
				86E39E242AB71131002FD6F5 /* MenuViewModel.swift in Sources */,
			);
			runOnlyForDeploymentPostprocessing = 0;
		};
/* End PBXSourcesBuildPhase section */

/* Begin PBXVariantGroup section */
		A168F0A322F7FB2C00A9E178 /* Main.storyboard */ = {
			isa = PBXVariantGroup;
			children = (
				A168F0A422F7FB2C00A9E178 /* Base */,
			);
			name = Main.storyboard;
			sourceTree = "<group>";
		};
		A168F0A822F7FB2E00A9E178 /* LaunchScreen.storyboard */ = {
			isa = PBXVariantGroup;
			children = (
				A168F0A922F7FB2E00A9E178 /* Base */,
			);
			name = LaunchScreen.storyboard;
			sourceTree = "<group>";
		};
/* End PBXVariantGroup section */

/* Begin XCBuildConfiguration section */
		A168F0AC22F7FB2E00A9E178 /* Debug */ = {
			isa = XCBuildConfiguration;
			buildSettings = {
				ALWAYS_SEARCH_USER_PATHS = NO;
				CLANG_ANALYZER_NONNULL = YES;
				CLANG_ANALYZER_NUMBER_OBJECT_CONVERSION = YES_AGGRESSIVE;
				CLANG_CXX_LANGUAGE_STANDARD = "gnu++14";
				CLANG_CXX_LIBRARY = "libc++";
				CLANG_ENABLE_MODULES = YES;
				CLANG_ENABLE_OBJC_ARC = YES;
				CLANG_ENABLE_OBJC_WEAK = YES;
				CLANG_WARN_BLOCK_CAPTURE_AUTORELEASING = YES;
				CLANG_WARN_BOOL_CONVERSION = YES;
				CLANG_WARN_COMMA = YES;
				CLANG_WARN_CONSTANT_CONVERSION = YES;
				CLANG_WARN_DEPRECATED_OBJC_IMPLEMENTATIONS = YES;
				CLANG_WARN_DIRECT_OBJC_ISA_USAGE = YES_ERROR;
				CLANG_WARN_DOCUMENTATION_COMMENTS = YES;
				CLANG_WARN_EMPTY_BODY = YES;
				CLANG_WARN_ENUM_CONVERSION = YES;
				CLANG_WARN_INFINITE_RECURSION = YES;
				CLANG_WARN_INT_CONVERSION = YES;
				CLANG_WARN_NON_LITERAL_NULL_CONVERSION = YES;
				CLANG_WARN_OBJC_IMPLICIT_RETAIN_SELF = YES;
				CLANG_WARN_OBJC_LITERAL_CONVERSION = YES;
				CLANG_WARN_OBJC_ROOT_CLASS = YES_ERROR;
				CLANG_WARN_RANGE_LOOP_ANALYSIS = YES;
				CLANG_WARN_STRICT_PROTOTYPES = YES;
				CLANG_WARN_SUSPICIOUS_MOVE = YES;
				CLANG_WARN_UNGUARDED_AVAILABILITY = YES_AGGRESSIVE;
				CLANG_WARN_UNREACHABLE_CODE = YES;
				CLANG_WARN__DUPLICATE_METHOD_MATCH = YES;
				CODE_SIGN_IDENTITY = "iPhone Developer";
				COPY_PHASE_STRIP = NO;
				DEBUG_INFORMATION_FORMAT = dwarf;
				ENABLE_STRICT_OBJC_MSGSEND = YES;
				ENABLE_TESTABILITY = YES;
				GCC_C_LANGUAGE_STANDARD = gnu11;
				GCC_DYNAMIC_NO_PIC = NO;
				GCC_NO_COMMON_BLOCKS = YES;
				GCC_OPTIMIZATION_LEVEL = 0;
				GCC_PREPROCESSOR_DEFINITIONS = (
					"DEBUG=1",
					"$(inherited)",
				);
				GCC_WARN_64_TO_32_BIT_CONVERSION = YES;
				GCC_WARN_ABOUT_RETURN_TYPE = YES_ERROR;
				GCC_WARN_UNDECLARED_SELECTOR = YES;
				GCC_WARN_UNINITIALIZED_AUTOS = YES_AGGRESSIVE;
				GCC_WARN_UNUSED_FUNCTION = YES;
				GCC_WARN_UNUSED_VARIABLE = YES;
				IPHONEOS_DEPLOYMENT_TARGET = 12.4;
				MTL_ENABLE_DEBUG_INFO = INCLUDE_SOURCE;
				MTL_FAST_MATH = YES;
				ONLY_ACTIVE_ARCH = YES;
				SDKROOT = iphoneos;
				SWIFT_ACTIVE_COMPILATION_CONDITIONS = DEBUG;
				SWIFT_OPTIMIZATION_LEVEL = "-Onone";
			};
			name = Debug;
		};
		A168F0AD22F7FB2E00A9E178 /* Release */ = {
			isa = XCBuildConfiguration;
			buildSettings = {
				ALWAYS_SEARCH_USER_PATHS = NO;
				CLANG_ANALYZER_NONNULL = YES;
				CLANG_ANALYZER_NUMBER_OBJECT_CONVERSION = YES_AGGRESSIVE;
				CLANG_CXX_LANGUAGE_STANDARD = "gnu++14";
				CLANG_CXX_LIBRARY = "libc++";
				CLANG_ENABLE_MODULES = YES;
				CLANG_ENABLE_OBJC_ARC = YES;
				CLANG_ENABLE_OBJC_WEAK = YES;
				CLANG_WARN_BLOCK_CAPTURE_AUTORELEASING = YES;
				CLANG_WARN_BOOL_CONVERSION = YES;
				CLANG_WARN_COMMA = YES;
				CLANG_WARN_CONSTANT_CONVERSION = YES;
				CLANG_WARN_DEPRECATED_OBJC_IMPLEMENTATIONS = YES;
				CLANG_WARN_DIRECT_OBJC_ISA_USAGE = YES_ERROR;
				CLANG_WARN_DOCUMENTATION_COMMENTS = YES;
				CLANG_WARN_EMPTY_BODY = YES;
				CLANG_WARN_ENUM_CONVERSION = YES;
				CLANG_WARN_INFINITE_RECURSION = YES;
				CLANG_WARN_INT_CONVERSION = YES;
				CLANG_WARN_NON_LITERAL_NULL_CONVERSION = YES;
				CLANG_WARN_OBJC_IMPLICIT_RETAIN_SELF = YES;
				CLANG_WARN_OBJC_LITERAL_CONVERSION = YES;
				CLANG_WARN_OBJC_ROOT_CLASS = YES_ERROR;
				CLANG_WARN_RANGE_LOOP_ANALYSIS = YES;
				CLANG_WARN_STRICT_PROTOTYPES = YES;
				CLANG_WARN_SUSPICIOUS_MOVE = YES;
				CLANG_WARN_UNGUARDED_AVAILABILITY = YES_AGGRESSIVE;
				CLANG_WARN_UNREACHABLE_CODE = YES;
				CLANG_WARN__DUPLICATE_METHOD_MATCH = YES;
				CODE_SIGN_IDENTITY = "iPhone Developer";
				COPY_PHASE_STRIP = NO;
				DEBUG_INFORMATION_FORMAT = "dwarf-with-dsym";
				ENABLE_NS_ASSERTIONS = NO;
				ENABLE_STRICT_OBJC_MSGSEND = YES;
				GCC_C_LANGUAGE_STANDARD = gnu11;
				GCC_NO_COMMON_BLOCKS = YES;
				GCC_WARN_64_TO_32_BIT_CONVERSION = YES;
				GCC_WARN_ABOUT_RETURN_TYPE = YES_ERROR;
				GCC_WARN_UNDECLARED_SELECTOR = YES;
				GCC_WARN_UNINITIALIZED_AUTOS = YES_AGGRESSIVE;
				GCC_WARN_UNUSED_FUNCTION = YES;
				GCC_WARN_UNUSED_VARIABLE = YES;
				IPHONEOS_DEPLOYMENT_TARGET = 12.4;
				MTL_ENABLE_DEBUG_INFO = NO;
				MTL_FAST_MATH = YES;
				SDKROOT = iphoneos;
				SWIFT_COMPILATION_MODE = wholemodule;
				SWIFT_OPTIMIZATION_LEVEL = "-O";
				VALIDATE_PRODUCT = YES;
			};
			name = Release;
		};
		A168F0AF22F7FB2E00A9E178 /* Debug */ = {
			isa = XCBuildConfiguration;
			buildSettings = {
				ASSETCATALOG_COMPILER_APPICON_NAME = AppIcon;
				CODE_SIGN_STYLE = Automatic;
				DEVELOPMENT_TEAM = M75X2R2UVV;
				INFOPLIST_FILE = "RxSwift+MVVM/App/Info.plist";
				IPHONEOS_DEPLOYMENT_TARGET = 15.0;
				LD_RUNPATH_SEARCH_PATHS = (
					"$(inherited)",
					"@executable_path/Frameworks",
				);
				PRODUCT_BUNDLE_IDENTIFIER = "com.bearfried.tutorial.RxSwift-MVVM";
				PRODUCT_NAME = "$(TARGET_NAME)";
				SWIFT_VERSION = 5.0;
				TARGETED_DEVICE_FAMILY = 1;
			};
			name = Debug;
		};
		A168F0B022F7FB2E00A9E178 /* Release */ = {
			isa = XCBuildConfiguration;
			buildSettings = {
				ASSETCATALOG_COMPILER_APPICON_NAME = AppIcon;
				CODE_SIGN_STYLE = Automatic;
				DEVELOPMENT_TEAM = M75X2R2UVV;
				INFOPLIST_FILE = "RxSwift+MVVM/App/Info.plist";
				IPHONEOS_DEPLOYMENT_TARGET = 15.0;
				LD_RUNPATH_SEARCH_PATHS = (
					"$(inherited)",
					"@executable_path/Frameworks",
				);
				PRODUCT_BUNDLE_IDENTIFIER = "com.bearfried.tutorial.RxSwift-MVVM";
				PRODUCT_NAME = "$(TARGET_NAME)";
				SWIFT_VERSION = 5.0;
				TARGETED_DEVICE_FAMILY = 1;
			};
			name = Release;
		};
/* End XCBuildConfiguration section */

/* Begin XCConfigurationList section */
		A168F09722F7FB2C00A9E178 /* Build configuration list for PBXProject "RxSwift+MVVM" */ = {
			isa = XCConfigurationList;
			buildConfigurations = (
				A168F0AC22F7FB2E00A9E178 /* Debug */,
				A168F0AD22F7FB2E00A9E178 /* Release */,
			);
			defaultConfigurationIsVisible = 0;
			defaultConfigurationName = Release;
		};
		A168F0AE22F7FB2E00A9E178 /* Build configuration list for PBXNativeTarget "RxSwift+MVVM" */ = {
			isa = XCConfigurationList;
			buildConfigurations = (
				A168F0AF22F7FB2E00A9E178 /* Debug */,
				A168F0B022F7FB2E00A9E178 /* Release */,
			);
			defaultConfigurationIsVisible = 0;
			defaultConfigurationName = Release;
		};
/* End XCConfigurationList section */

/* Begin XCRemoteSwiftPackageReference section */
		862C87642ABED87A00DC6831 /* XCRemoteSwiftPackageReference "RxController" */ = {
			isa = XCRemoteSwiftPackageReference;
			repositoryURL = "https://github.com/RxSwiftCommunity/RxController.git";
			requirement = {
				kind = upToNextMajorVersion;
				minimumVersion = 1.0.0;
			};
		};
		869A733D2AB8750A002CA6D4 /* XCRemoteSwiftPackageReference "RxDataSources" */ = {
			isa = XCRemoteSwiftPackageReference;
			repositoryURL = "https://github.com/RxSwiftCommunity/RxDataSources.git";
			requirement = {
				kind = upToNextMajorVersion;
				minimumVersion = 5.0.0;
			};
		};
		86E39E1E2AB6DC82002FD6F5 /* XCRemoteSwiftPackageReference "RxSwift" */ = {
			isa = XCRemoteSwiftPackageReference;
			repositoryURL = "https://github.com/ReactiveX/RxSwift.git";
			requirement = {
				kind = upToNextMajorVersion;
				minimumVersion = 6.0.0;
			};
		};
/* End XCRemoteSwiftPackageReference section */

/* Begin XCSwiftPackageProductDependency section */
		862C87652ABED87A00DC6831 /* RxController */ = {
			isa = XCSwiftPackageProductDependency;
			package = 862C87642ABED87A00DC6831 /* XCRemoteSwiftPackageReference "RxController" */;
			productName = RxController;
		};
		869A733E2AB8750A002CA6D4 /* RxDataSources */ = {
			isa = XCSwiftPackageProductDependency;
			package = 869A733D2AB8750A002CA6D4 /* XCRemoteSwiftPackageReference "RxDataSources" */;
			productName = RxDataSources;
		};
		86E39E1F2AB6DC82002FD6F5 /* RxCocoa */ = {
			isa = XCSwiftPackageProductDependency;
			package = 86E39E1E2AB6DC82002FD6F5 /* XCRemoteSwiftPackageReference "RxSwift" */;
			productName = RxCocoa;
		};
		86E39E212AB6DC82002FD6F5 /* RxSwift */ = {
			isa = XCSwiftPackageProductDependency;
			package = 86E39E1E2AB6DC82002FD6F5 /* XCRemoteSwiftPackageReference "RxSwift" */;
			productName = RxSwift;
		};
/* End XCSwiftPackageProductDependency section */
	};
	rootObject = A168F09422F7FB2C00A9E178 /* Project object */;
}
